// !$*UTF8*$!
{
	archiveVersion = 1;
	classes = {
	};
	objectVersion = 50;
	objects = {

/* Begin PBXBuildFile section */
		987634AF22A4BECC00CF45BD /* main.m in Sources */ = {isa = PBXBuildFile; fileRef = 987634AE22A4BECC00CF45BD /* main.m */; };
		987634B722A4BFDE00CF45BD /* HotDrink.m in Sources */ = {isa = PBXBuildFile; fileRef = 987634B622A4BFDE00CF45BD /* HotDrink.m */; };
		987634BD22A4C21E00CF45BD /* HotDrinkTea.m in Sources */ = {isa = PBXBuildFile; fileRef = 987634BC22A4C21E00CF45BD /* HotDrinkTea.m */; };
		987634C022A4C24700CF45BD /* HotDrinkLatte.m in Sources */ = {isa = PBXBuildFile; fileRef = 987634BF22A4C24700CF45BD /* HotDrinkLatte.m */; };
		987634C322A4C25A00CF45BD /* HotDrinkAmericano.m in Sources */ = {isa = PBXBuildFile; fileRef = 987634C222A4C25A00CF45BD /* HotDrinkAmericano.m */; };
/* End PBXBuildFile section */

/* Begin PBXCopyFilesBuildPhase section */
		987634A922A4BECC00CF45BD /* CopyFiles */ = {
			isa = PBXCopyFilesBuildPhase;
			buildActionMask = 2147483647;
			dstPath = /usr/share/man/man1/;
			dstSubfolderSpec = 0;
			files = (
			);
			runOnlyForDeploymentPostprocessing = 1;
		};
/* End PBXCopyFilesBuildPhase section */

/* Begin PBXFileReference section */
		987634AB22A4BECC00CF45BD /* 模板方法模式 */ = {isa = PBXFileReference; explicitFileType = "compiled.mach-o.executable"; includeInIndex = 0; path = "模板方法模式"; sourceTree = BUILT_PRODUCTS_DIR; };
		987634AE22A4BECC00CF45BD /* main.m */ = {isa = PBXFileReference; lastKnownFileType = sourcecode.c.objc; path = main.m; sourceTree = "<group>"; };
		987634B522A4BFDE00CF45BD /* HotDrink.h */ = {isa = PBXFileReference; lastKnownFileType = sourcecode.c.h; path = HotDrink.h; sourceTree = "<group>"; };
		987634B622A4BFDE00CF45BD /* HotDrink.m */ = {isa = PBXFileReference; lastKnownFileType = sourcecode.c.objc; path = HotDrink.m; sourceTree = "<group>"; };
		987634BB22A4C21D00CF45BD /* HotDrinkTea.h */ = {isa = PBXFileReference; lastKnownFileType = sourcecode.c.h; path = HotDrinkTea.h; sourceTree = "<group>"; };
		987634BC22A4C21E00CF45BD /* HotDrinkTea.m */ = {isa = PBXFileReference; lastKnownFileType = sourcecode.c.objc; path = HotDrinkTea.m; sourceTree = "<group>"; };
		987634BE22A4C24700CF45BD /* HotDrinkLatte.h */ = {isa = PBXFileReference; lastKnownFileType = sourcecode.c.h; path = HotDrinkLatte.h; sourceTree = "<group>"; };
		987634BF22A4C24700CF45BD /* HotDrinkLatte.m */ = {isa = PBXFileReference; lastKnownFileType = sourcecode.c.objc; path = HotDrinkLatte.m; sourceTree = "<group>"; };
		987634C122A4C25A00CF45BD /* HotDrinkAmericano.h */ = {isa = PBXFileReference; lastKnownFileType = sourcecode.c.h; path = HotDrinkAmericano.h; sourceTree = "<group>"; };
		987634C222A4C25A00CF45BD /* HotDrinkAmericano.m */ = {isa = PBXFileReference; lastKnownFileType = sourcecode.c.objc; path = HotDrinkAmericano.m; sourceTree = "<group>"; };
/* End PBXFileReference section */

/* Begin PBXFrameworksBuildPhase section */
		987634A822A4BECC00CF45BD /* Frameworks */ = {
			isa = PBXFrameworksBuildPhase;
			buildActionMask = 2147483647;
			files = (
			);
			runOnlyForDeploymentPostprocessing = 0;
		};
/* End PBXFrameworksBuildPhase section */

/* Begin PBXGroup section */
		987634A222A4BECC00CF45BD = {
			isa = PBXGroup;
			children = (
				987634AD22A4BECC00CF45BD /* 模板方法模式 */,
				987634AC22A4BECC00CF45BD /* Products */,
			);
			sourceTree = "<group>";
		};
		987634AC22A4BECC00CF45BD /* Products */ = {
			isa = PBXGroup;
			children = (
				987634AB22A4BECC00CF45BD /* 模板方法模式 */,
			);
			name = Products;
			sourceTree = "<group>";
		};
		987634AD22A4BECC00CF45BD /* 模板方法模式 */ = {
			isa = PBXGroup;
			children = (
				987634AE22A4BECC00CF45BD /* main.m */,
				987634B522A4BFDE00CF45BD /* HotDrink.h */,
				987634B622A4BFDE00CF45BD /* HotDrink.m */,
				987634BB22A4C21D00CF45BD /* HotDrinkTea.h */,
				987634BC22A4C21E00CF45BD /* HotDrinkTea.m */,
				987634BE22A4C24700CF45BD /* HotDrinkLatte.h */,
				987634BF22A4C24700CF45BD /* HotDrinkLatte.m */,
				987634C122A4C25A00CF45BD /* HotDrinkAmericano.h */,
				987634C222A4C25A00CF45BD /* HotDrinkAmericano.m */,
			);
			path = "模板方法模式";
			sourceTree = "<group>";
		};
/* End PBXGroup section */

/* Begin PBXNativeTarget section */
		987634AA22A4BECC00CF45BD /* 模板方法模式 */ = {
			isa = PBXNativeTarget;
			buildConfigurationList = 987634B222A4BECC00CF45BD /* Build configuration list for PBXNativeTarget "模板方法模式" */;
			buildPhases = (
				987634A722A4BECC00CF45BD /* Sources */,
				987634A822A4BECC00CF45BD /* Frameworks */,
				987634A922A4BECC00CF45BD /* CopyFiles */,
			);
			buildRules = (
			);
			dependencies = (
			);
			name = "模板方法模式";
			productName = "模板方法模式";
			productReference = 987634AB22A4BECC00CF45BD /* 模板方法模式 */;
			productType = "com.apple.product-type.tool";
		};
/* End PBXNativeTarget section */

/* Begin PBXProject section */
		987634A322A4BECC00CF45BD /* Project object */ = {
			isa = PBXProject;
			attributes = {
				LastUpgradeCheck = 1010;
				ORGANIZATIONNAME = Brooks;
				TargetAttributes = {
					987634AA22A4BECC00CF45BD = {
						CreatedOnToolsVersion = 10.1;
					};
				};
			};
			buildConfigurationList = 987634A622A4BECC00CF45BD /* Build configuration list for PBXProject "模板方法模式" */;
			compatibilityVersion = "Xcode 9.3";
			developmentRegion = en;
			hasScannedForEncodings = 0;
			knownRegions = (
				en,
			);
			mainGroup = 987634A222A4BECC00CF45BD;
			productRefGroup = 987634AC22A4BECC00CF45BD /* Products */;
			projectDirPath = "";
			projectRoot = "";
			targets = (
				987634AA22A4BECC00CF45BD /* 模板方法模式 */,
			);
		};
/* End PBXProject section */

/* Begin PBXSourcesBuildPhase section */
		987634A722A4BECC00CF45BD /* Sources */ = {
			isa = PBXSourcesBuildPhase;
			buildActionMask = 2147483647;
			files = (
				987634B722A4BFDE00CF45BD /* HotDrink.m in Sources */,
				987634BD22A4C21E00CF45BD /* HotDrinkTea.m in Sources */,
				987634AF22A4BECC00CF45BD /* main.m in Sources */,
				987634C022A4C24700CF45BD /* HotDrinkLatte.m in Sources */,
				987634C322A4C25A00CF45BD /* HotDrinkAmericano.m in Sources */,
			);
			runOnlyForDeploymentPostprocessing = 0;
		};
/* End PBXSourcesBuildPhase section */

/* Begin XCBuildConfiguration section */
		987634B022A4BECC00CF45BD /* Debug */ = {
			isa = XCBuildConfiguration;
			buildSettings = {
				ALWAYS_SEARCH_USER_PATHS = NO;
				CLANG_ANALYZER_NONNULL = YES;
				CLANG_ANALYZER_NUMBER_OBJECT_CONVERSION = YES_AGGRESSIVE;
				CLANG_CXX_LANGUAGE_STANDARD = "gnu++14";
				CLANG_CXX_LIBRARY = "libc++";
				CLANG_ENABLE_MODULES = YES;
				CLANG_ENABLE_OBJC_ARC = YES;
				CLANG_ENABLE_OBJC_WEAK = YES;
				CLANG_WARN_BLOCK_CAPTURE_AUTORELEASING = YES;
				CLANG_WARN_BOOL_CONVERSION = YES;
				CLANG_WARN_COMMA = YES;
				CLANG_WARN_CONSTANT_CONVERSION = YES;
				CLANG_WARN_DEPRECATED_OBJC_IMPLEMENTATIONS = YES;
				CLANG_WARN_DIRECT_OBJC_ISA_USAGE = YES_ERROR;
				CLANG_WARN_DOCUMENTATION_COMMENTS = YES;
				CLANG_WARN_EMPTY_BODY = YES;
				CLANG_WARN_ENUM_CONVERSION = YES;
				CLANG_WARN_INFINITE_RECURSION = YES;
				CLANG_WARN_INT_CONVERSION = YES;
				CLANG_WARN_NON_LITERAL_NULL_CONVERSION = YES;
				CLANG_WARN_OBJC_IMPLICIT_RETAIN_SELF = YES;
				CLANG_WARN_OBJC_LITERAL_CONVERSION = YES;
				CLANG_WARN_OBJC_ROOT_CLASS = YES_ERROR;
				CLANG_WARN_RANGE_LOOP_ANALYSIS = YES;
				CLANG_WARN_STRICT_PROTOTYPES = YES;
				CLANG_WARN_SUSPICIOUS_MOVE = YES;
				CLANG_WARN_UNGUARDED_AVAILABILITY = YES_AGGRESSIVE;
				CLANG_WARN_UNREACHABLE_CODE = YES;
				CLANG_WARN__DUPLICATE_METHOD_MATCH = YES;
				CODE_SIGN_IDENTITY = "-";
				COPY_PHASE_STRIP = NO;
				DEBUG_INFORMATION_FORMAT = dwarf;
				ENABLE_STRICT_OBJC_MSGSEND = YES;
				ENABLE_TESTABILITY = YES;
				GCC_C_LANGUAGE_STANDARD = gnu11;
				GCC_DYNAMIC_NO_PIC = NO;
				GCC_NO_COMMON_BLOCKS = YES;
				GCC_OPTIMIZATION_LEVEL = 0;
				GCC_PREPROCESSOR_DEFINITIONS = (
					"DEBUG=1",
					"$(inherited)",
				);
				GCC_WARN_64_TO_32_BIT_CONVERSION = YES;
				GCC_WARN_ABOUT_RETURN_TYPE = YES_ERROR;
				GCC_WARN_UNDECLARED_SELECTOR = YES;
				GCC_WARN_UNINITIALIZED_AUTOS = YES_AGGRESSIVE;
				GCC_WARN_UNUSED_FUNCTION = YES;
				GCC_WARN_UNUSED_VARIABLE = YES;
				MACOSX_DEPLOYMENT_TARGET = 10.14;
				MTL_ENABLE_DEBUG_INFO = INCLUDE_SOURCE;
				MTL_FAST_MATH = YES;
				ONLY_ACTIVE_ARCH = YES;
				SDKROOT = macosx;
			};
			name = Debug;
		};
		987634B122A4BECC00CF45BD /* Release */ = {
			isa = XCBuildConfiguration;
			buildSettings = {
				ALWAYS_SEARCH_USER_PATHS = NO;
				CLANG_ANALYZER_NONNULL = YES;
				CLANG_ANALYZER_NUMBER_OBJECT_CONVERSION = YES_AGGRESSIVE;
				CLANG_CXX_LANGUAGE_STANDARD = "gnu++14";
				CLANG_CXX_LIBRARY = "libc++";
				CLANG_ENABLE_MODULES = YES;
				CLANG_ENABLE_OBJC_ARC = YES;
				CLANG_ENABLE_OBJC_WEAK = YES;
				CLANG_WARN_BLOCK_CAPTURE_AUTORELEASING = YES;
				CLANG_WARN_BOOL_CONVERSION = YES;
				CLANG_WARN_COMMA = YES;
				CLANG_WARN_CONSTANT_CONVERSION = YES;
				CLANG_WARN_DEPRECATED_OBJC_IMPLEMENTATIONS = YES;
				CLANG_WARN_DIRECT_OBJC_ISA_USAGE = YES_ERROR;
				CLANG_WARN_DOCUMENTATION_COMMENTS = YES;
				CLANG_WARN_EMPTY_BODY = YES;
				CLANG_WARN_ENUM_CONVERSION = YES;
				CLANG_WARN_INFINITE_RECURSION = YES;
				CLANG_WARN_INT_CONVERSION = YES;
				CLANG_WARN_NON_LITERAL_NULL_CONVERSION = YES;
				CLANG_WARN_OBJC_IMPLICIT_RETAIN_SELF = YES;
				CLANG_WARN_OBJC_LITERAL_CONVERSION = YES;
				CLANG_WARN_OBJC_ROOT_CLASS = YES_ERROR;
				CLANG_WARN_RANGE_LOOP_ANALYSIS = YES;
				CLANG_WARN_STRICT_PROTOTYPES = YES;
				CLANG_WARN_SUSPICIOUS_MOVE = YES;
				CLANG_WARN_UNGUARDED_AVAILABILITY = YES_AGGRESSIVE;
				CLANG_WARN_UNREACHABLE_CODE = YES;
				CLANG_WARN__DUPLICATE_METHOD_MATCH = YES;
				CODE_SIGN_IDENTITY = "-";
				COPY_PHASE_STRIP = NO;
				DEBUG_INFORMATION_FORMAT = "dwarf-with-dsym";
				ENABLE_NS_ASSERTIONS = NO;
				ENABLE_STRICT_OBJC_MSGSEND = YES;
				GCC_C_LANGUAGE_STANDARD = gnu11;
				GCC_NO_COMMON_BLOCKS = YES;
				GCC_WARN_64_TO_32_BIT_CONVERSION = YES;
				GCC_WARN_ABOUT_RETURN_TYPE = YES_ERROR;
				GCC_WARN_UNDECLARED_SELECTOR = YES;
				GCC_WARN_UNINITIALIZED_AUTOS = YES_AGGRESSIVE;
				GCC_WARN_UNUSED_FUNCTION = YES;
				GCC_WARN_UNUSED_VARIABLE = YES;
				MACOSX_DEPLOYMENT_TARGET = 10.14;
				MTL_ENABLE_DEBUG_INFO = NO;
				MTL_FAST_MATH = YES;
				SDKROOT = macosx;
			};
			name = Release;
		};
		987634B322A4BECC00CF45BD /* Debug */ = {
			isa = XCBuildConfiguration;
			buildSettings = {
				CODE_SIGN_STYLE = Automatic;
				PRODUCT_NAME = "$(TARGET_NAME)";
			};
			name = Debug;
		};
		987634B422A4BECC00CF45BD /* Release */ = {
			isa = XCBuildConfiguration;
			buildSettings = {
				CODE_SIGN_STYLE = Automatic;
				PRODUCT_NAME = "$(TARGET_NAME)";
			};
			name = Release;
		};
/* End XCBuildConfiguration section */

/* Begin XCConfigurationList section */
		987634A622A4BECC00CF45BD /* Build configuration list for PBXProject "模板方法模式" */ = {
			isa = XCConfigurationList;
			buildConfigurations = (
				987634B022A4BECC00CF45BD /* Debug */,
				987634B122A4BECC00CF45BD /* Release */,
			);
			defaultConfigurationIsVisible = 0;
			defaultConfigurationName = Release;
		};
		987634B222A4BECC00CF45BD /* Build configuration list for PBXNativeTarget "模板方法模式" */ = {
			isa = XCConfigurationList;
			buildConfigurations = (
				987634B322A4BECC00CF45BD /* Debug */,
				987634B422A4BECC00CF45BD /* Release */,
			);
			defaultConfigurationIsVisible = 0;
			defaultConfigurationName = Release;
		};
/* End XCConfigurationList section */
	};
	rootObject = 987634A322A4BECC00CF45BD /* Project object */;
}
