// !$*UTF8*$!
{
	archiveVersion = 1;
	classes = {
	};
	objectVersion = 50;
	objects = {

/* Begin PBXBuildFile section */
		9876351922A4F4C200CF45BD /* main.m in Sources */ = {isa = PBXBuildFile; fileRef = 9876351822A4F4C200CF45BD /* main.m */; };
		9876352122A4F53E00CF45BD /* DispenseChainNode.m in Sources */ = {isa = PBXBuildFile; fileRef = 9876352022A4F53E00CF45BD /* DispenseChainNode.m */; };
		9876352522A4F68900CF45BD /* ATMDispenseChain.m in Sources */ = {isa = PBXBuildFile; fileRef = 9876352422A4F68900CF45BD /* ATMDispenseChain.m */; };
/* End PBXBuildFile section */

/* Begin PBXCopyFilesBuildPhase section */
		9876351322A4F4C200CF45BD /* CopyFiles */ = {
			isa = PBXCopyFilesBuildPhase;
			buildActionMask = 2147483647;
			dstPath = /usr/share/man/man1/;
			dstSubfolderSpec = 0;
			files = (
			);
			runOnlyForDeploymentPostprocessing = 1;
		};
/* End PBXCopyFilesBuildPhase section */

/* Begin PBXFileReference section */
		9876351522A4F4C200CF45BD /* 责任链模式2 */ = {isa = PBXFileReference; explicitFileType = "compiled.mach-o.executable"; includeInIndex = 0; path = "责任链模式2"; sourceTree = BUILT_PRODUCTS_DIR; };
		9876351822A4F4C200CF45BD /* main.m */ = {isa = PBXFileReference; lastKnownFileType = sourcecode.c.objc; path = main.m; sourceTree = "<group>"; };
		9876351F22A4F53E00CF45BD /* DispenseChainNode.h */ = {isa = PBXFileReference; lastKnownFileType = sourcecode.c.h; path = DispenseChainNode.h; sourceTree = "<group>"; };
		9876352022A4F53E00CF45BD /* DispenseChainNode.m */ = {isa = PBXFileReference; lastKnownFileType = sourcecode.c.objc; path = DispenseChainNode.m; sourceTree = "<group>"; };
		9876352222A4F55500CF45BD /* DispenseProtocol.h */ = {isa = PBXFileReference; lastKnownFileType = sourcecode.c.h; path = DispenseProtocol.h; sourceTree = "<group>"; };
		9876352322A4F68900CF45BD /* ATMDispenseChain.h */ = {isa = PBXFileReference; lastKnownFileType = sourcecode.c.h; path = ATMDispenseChain.h; sourceTree = "<group>"; };
		9876352422A4F68900CF45BD /* ATMDispenseChain.m */ = {isa = PBXFileReference; lastKnownFileType = sourcecode.c.objc; path = ATMDispenseChain.m; sourceTree = "<group>"; };
/* End PBXFileReference section */

/* Begin PBXFrameworksBuildPhase section */
		9876351222A4F4C200CF45BD /* Frameworks */ = {
			isa = PBXFrameworksBuildPhase;
			buildActionMask = 2147483647;
			files = (
			);
			runOnlyForDeploymentPostprocessing = 0;
		};
/* End PBXFrameworksBuildPhase section */

/* Begin PBXGroup section */
		9876350C22A4F4C200CF45BD = {
			isa = PBXGroup;
			children = (
				9876351722A4F4C200CF45BD /* 责任链模式2 */,
				9876351622A4F4C200CF45BD /* Products */,
			);
			sourceTree = "<group>";
		};
		9876351622A4F4C200CF45BD /* Products */ = {
			isa = PBXGroup;
			children = (
				9876351522A4F4C200CF45BD /* 责任链模式2 */,
			);
			name = Products;
			sourceTree = "<group>";
		};
		9876351722A4F4C200CF45BD /* 责任链模式2 */ = {
			isa = PBXGroup;
			children = (
				9876351822A4F4C200CF45BD /* main.m */,
				9876352222A4F55500CF45BD /* DispenseProtocol.h */,
				9876351F22A4F53E00CF45BD /* DispenseChainNode.h */,
				9876352022A4F53E00CF45BD /* DispenseChainNode.m */,
				9876352322A4F68900CF45BD /* ATMDispenseChain.h */,
				9876352422A4F68900CF45BD /* ATMDispenseChain.m */,
			);
			path = "责任链模式2";
			sourceTree = "<group>";
		};
/* End PBXGroup section */

/* Begin PBXNativeTarget section */
		9876351422A4F4C200CF45BD /* 责任链模式2 */ = {
			isa = PBXNativeTarget;
			buildConfigurationList = 9876351C22A4F4C200CF45BD /* Build configuration list for PBXNativeTarget "责任链模式2" */;
			buildPhases = (
				9876351122A4F4C200CF45BD /* Sources */,
				9876351222A4F4C200CF45BD /* Frameworks */,
				9876351322A4F4C200CF45BD /* CopyFiles */,
			);
			buildRules = (
			);
			dependencies = (
			);
			name = "责任链模式2";
			productName = "责任链模式2";
			productReference = 9876351522A4F4C200CF45BD /* 责任链模式2 */;
			productType = "com.apple.product-type.tool";
		};
/* End PBXNativeTarget section */

/* Begin PBXProject section */
		9876350D22A4F4C200CF45BD /* Project object */ = {
			isa = PBXProject;
			attributes = {
				LastUpgradeCheck = 1010;
				ORGANIZATIONNAME = Brooks;
				TargetAttributes = {
					9876351422A4F4C200CF45BD = {
						CreatedOnToolsVersion = 10.1;
					};
				};
			};
			buildConfigurationList = 9876351022A4F4C200CF45BD /* Build configuration list for PBXProject "责任链模式2" */;
			compatibilityVersion = "Xcode 9.3";
			developmentRegion = en;
			hasScannedForEncodings = 0;
			knownRegions = (
				en,
			);
			mainGroup = 9876350C22A4F4C200CF45BD;
			productRefGroup = 9876351622A4F4C200CF45BD /* Products */;
			projectDirPath = "";
			projectRoot = "";
			targets = (
				9876351422A4F4C200CF45BD /* 责任链模式2 */,
			);
		};
/* End PBXProject section */

/* Begin PBXSourcesBuildPhase section */
		9876351122A4F4C200CF45BD /* Sources */ = {
			isa = PBXSourcesBuildPhase;
			buildActionMask = 2147483647;
			files = (
				9876352122A4F53E00CF45BD /* DispenseChainNode.m in Sources */,
				9876351922A4F4C200CF45BD /* main.m in Sources */,
				9876352522A4F68900CF45BD /* ATMDispenseChain.m in Sources */,
			);
			runOnlyForDeploymentPostprocessing = 0;
		};
/* End PBXSourcesBuildPhase section */

/* Begin XCBuildConfiguration section */
		9876351A22A4F4C200CF45BD /* Debug */ = {
			isa = XCBuildConfiguration;
			buildSettings = {
				ALWAYS_SEARCH_USER_PATHS = NO;
				CLANG_ANALYZER_NONNULL = YES;
				CLANG_ANALYZER_NUMBER_OBJECT_CONVERSION = YES_AGGRESSIVE;
				CLANG_CXX_LANGUAGE_STANDARD = "gnu++14";
				CLANG_CXX_LIBRARY = "libc++";
				CLANG_ENABLE_MODULES = YES;
				CLANG_ENABLE_OBJC_ARC = YES;
				CLANG_ENABLE_OBJC_WEAK = YES;
				CLANG_WARN_BLOCK_CAPTURE_AUTORELEASING = YES;
				CLANG_WARN_BOOL_CONVERSION = YES;
				CLANG_WARN_COMMA = YES;
				CLANG_WARN_CONSTANT_CONVERSION = YES;
				CLANG_WARN_DEPRECATED_OBJC_IMPLEMENTATIONS = YES;
				CLANG_WARN_DIRECT_OBJC_ISA_USAGE = YES_ERROR;
				CLANG_WARN_DOCUMENTATION_COMMENTS = YES;
				CLANG_WARN_EMPTY_BODY = YES;
				CLANG_WARN_ENUM_CONVERSION = YES;
				CLANG_WARN_INFINITE_RECURSION = YES;
				CLANG_WARN_INT_CONVERSION = YES;
				CLANG_WARN_NON_LITERAL_NULL_CONVERSION = YES;
				CLANG_WARN_OBJC_IMPLICIT_RETAIN_SELF = YES;
				CLANG_WARN_OBJC_LITERAL_CONVERSION = YES;
				CLANG_WARN_OBJC_ROOT_CLASS = YES_ERROR;
				CLANG_WARN_RANGE_LOOP_ANALYSIS = YES;
				CLANG_WARN_STRICT_PROTOTYPES = YES;
				CLANG_WARN_SUSPICIOUS_MOVE = YES;
				CLANG_WARN_UNGUARDED_AVAILABILITY = YES_AGGRESSIVE;
				CLANG_WARN_UNREACHABLE_CODE = YES;
				CLANG_WARN__DUPLICATE_METHOD_MATCH = YES;
				CODE_SIGN_IDENTITY = "-";
				COPY_PHASE_STRIP = NO;
				DEBUG_INFORMATION_FORMAT = dwarf;
				ENABLE_STRICT_OBJC_MSGSEND = YES;
				ENABLE_TESTABILITY = YES;
				GCC_C_LANGUAGE_STANDARD = gnu11;
				GCC_DYNAMIC_NO_PIC = NO;
				GCC_NO_COMMON_BLOCKS = YES;
				GCC_OPTIMIZATION_LEVEL = 0;
				GCC_PREPROCESSOR_DEFINITIONS = (
					"DEBUG=1",
					"$(inherited)",
				);
				GCC_WARN_64_TO_32_BIT_CONVERSION = YES;
				GCC_WARN_ABOUT_RETURN_TYPE = YES_ERROR;
				GCC_WARN_UNDECLARED_SELECTOR = YES;
				GCC_WARN_UNINITIALIZED_AUTOS = YES_AGGRESSIVE;
				GCC_WARN_UNUSED_FUNCTION = YES;
				GCC_WARN_UNUSED_VARIABLE = YES;
				MACOSX_DEPLOYMENT_TARGET = 10.14;
				MTL_ENABLE_DEBUG_INFO = INCLUDE_SOURCE;
				MTL_FAST_MATH = YES;
				ONLY_ACTIVE_ARCH = YES;
				SDKROOT = macosx;
			};
			name = Debug;
		};
		9876351B22A4F4C200CF45BD /* Release */ = {
			isa = XCBuildConfiguration;
			buildSettings = {
				ALWAYS_SEARCH_USER_PATHS = NO;
				CLANG_ANALYZER_NONNULL = YES;
				CLANG_ANALYZER_NUMBER_OBJECT_CONVERSION = YES_AGGRESSIVE;
				CLANG_CXX_LANGUAGE_STANDARD = "gnu++14";
				CLANG_CXX_LIBRARY = "libc++";
				CLANG_ENABLE_MODULES = YES;
				CLANG_ENABLE_OBJC_ARC = YES;
				CLANG_ENABLE_OBJC_WEAK = YES;
				CLANG_WARN_BLOCK_CAPTURE_AUTORELEASING = YES;
				CLANG_WARN_BOOL_CONVERSION = YES;
				CLANG_WARN_COMMA = YES;
				CLANG_WARN_CONSTANT_CONVERSION = YES;
				CLANG_WARN_DEPRECATED_OBJC_IMPLEMENTATIONS = YES;
				CLANG_WARN_DIRECT_OBJC_ISA_USAGE = YES_ERROR;
				CLANG_WARN_DOCUMENTATION_COMMENTS = YES;
				CLANG_WARN_EMPTY_BODY = YES;
				CLANG_WARN_ENUM_CONVERSION = YES;
				CLANG_WARN_INFINITE_RECURSION = YES;
				CLANG_WARN_INT_CONVERSION = YES;
				CLANG_WARN_NON_LITERAL_NULL_CONVERSION = YES;
				CLANG_WARN_OBJC_IMPLICIT_RETAIN_SELF = YES;
				CLANG_WARN_OBJC_LITERAL_CONVERSION = YES;
				CLANG_WARN_OBJC_ROOT_CLASS = YES_ERROR;
				CLANG_WARN_RANGE_LOOP_ANALYSIS = YES;
				CLANG_WARN_STRICT_PROTOTYPES = YES;
				CLANG_WARN_SUSPICIOUS_MOVE = YES;
				CLANG_WARN_UNGUARDED_AVAILABILITY = YES_AGGRESSIVE;
				CLANG_WARN_UNREACHABLE_CODE = YES;
				CLANG_WARN__DUPLICATE_METHOD_MATCH = YES;
				CODE_SIGN_IDENTITY = "-";
				COPY_PHASE_STRIP = NO;
				DEBUG_INFORMATION_FORMAT = "dwarf-with-dsym";
				ENABLE_NS_ASSERTIONS = NO;
				ENABLE_STRICT_OBJC_MSGSEND = YES;
				GCC_C_LANGUAGE_STANDARD = gnu11;
				GCC_NO_COMMON_BLOCKS = YES;
				GCC_WARN_64_TO_32_BIT_CONVERSION = YES;
				GCC_WARN_ABOUT_RETURN_TYPE = YES_ERROR;
				GCC_WARN_UNDECLARED_SELECTOR = YES;
				GCC_WARN_UNINITIALIZED_AUTOS = YES_AGGRESSIVE;
				GCC_WARN_UNUSED_FUNCTION = YES;
				GCC_WARN_UNUSED_VARIABLE = YES;
				MACOSX_DEPLOYMENT_TARGET = 10.14;
				MTL_ENABLE_DEBUG_INFO = NO;
				MTL_FAST_MATH = YES;
				SDKROOT = macosx;
			};
			name = Release;
		};
		9876351D22A4F4C200CF45BD /* Debug */ = {
			isa = XCBuildConfiguration;
			buildSettings = {
				CODE_SIGN_STYLE = Automatic;
				PRODUCT_NAME = "$(TARGET_NAME)";
			};
			name = Debug;
		};
		9876351E22A4F4C200CF45BD /* Release */ = {
			isa = XCBuildConfiguration;
			buildSettings = {
				CODE_SIGN_STYLE = Automatic;
				PRODUCT_NAME = "$(TARGET_NAME)";
			};
			name = Release;
		};
/* End XCBuildConfiguration section */

/* Begin XCConfigurationList section */
		9876351022A4F4C200CF45BD /* Build configuration list for PBXProject "责任链模式2" */ = {
			isa = XCConfigurationList;
			buildConfigurations = (
				9876351A22A4F4C200CF45BD /* Debug */,
				9876351B22A4F4C200CF45BD /* Release */,
			);
			defaultConfigurationIsVisible = 0;
			defaultConfigurationName = Release;
		};
		9876351C22A4F4C200CF45BD /* Build configuration list for PBXNativeTarget "责任链模式2" */ = {
			isa = XCConfigurationList;
			buildConfigurations = (
				9876351D22A4F4C200CF45BD /* Debug */,
				9876351E22A4F4C200CF45BD /* Release */,
			);
			defaultConfigurationIsVisible = 0;
			defaultConfigurationName = Release;
		};
/* End XCConfigurationList section */
	};
	rootObject = 9876350D22A4F4C200CF45BD /* Project object */;
}
