// !$*UTF8*$!
{
	archiveVersion = 1;
	classes = {
	};
	objectVersion = 50;
	objects = {

/* Begin PBXBuildFile section */
		9876355922A6232300CF45BD /* main.m in Sources */ = {isa = PBXBuildFile; fileRef = 9876355822A6232300CF45BD /* main.m */; };
		9876356122A6232A00CF45BD /* Light.m in Sources */ = {isa = PBXBuildFile; fileRef = 9876356022A6232900CF45BD /* Light.m */; };
		9876356422A6235A00CF45BD /* Command.m in Sources */ = {isa = PBXBuildFile; fileRef = 9876356322A6235A00CF45BD /* Command.m */; };
		9876356A22A623B900CF45BD /* CommandLightOn.m in Sources */ = {isa = PBXBuildFile; fileRef = 9876356922A623B900CF45BD /* CommandLightOn.m */; };
		9876356D22A624B500CF45BD /* CommandLightOff.m in Sources */ = {isa = PBXBuildFile; fileRef = 9876356C22A624B500CF45BD /* CommandLightOff.m */; };
		9876357322A6255000CF45BD /* RemoteControl.m in Sources */ = {isa = PBXBuildFile; fileRef = 9876357222A6255000CF45BD /* RemoteControl.m */; };
/* End PBXBuildFile section */

/* Begin PBXCopyFilesBuildPhase section */
		9876355322A6232300CF45BD /* CopyFiles */ = {
			isa = PBXCopyFilesBuildPhase;
			buildActionMask = 2147483647;
			dstPath = /usr/share/man/man1/;
			dstSubfolderSpec = 0;
			files = (
			);
			runOnlyForDeploymentPostprocessing = 1;
		};
/* End PBXCopyFilesBuildPhase section */

/* Begin PBXFileReference section */
		9876355522A6232300CF45BD /* 命令模式 */ = {isa = PBXFileReference; explicitFileType = "compiled.mach-o.executable"; includeInIndex = 0; path = "命令模式"; sourceTree = BUILT_PRODUCTS_DIR; };
		9876355822A6232300CF45BD /* main.m */ = {isa = PBXFileReference; lastKnownFileType = sourcecode.c.objc; path = main.m; sourceTree = "<group>"; };
		9876355F22A6232900CF45BD /* Light.h */ = {isa = PBXFileReference; lastKnownFileType = sourcecode.c.h; path = Light.h; sourceTree = "<group>"; };
		9876356022A6232900CF45BD /* Light.m */ = {isa = PBXFileReference; lastKnownFileType = sourcecode.c.objc; path = Light.m; sourceTree = "<group>"; };
		9876356222A6235A00CF45BD /* Command.h */ = {isa = PBXFileReference; lastKnownFileType = sourcecode.c.h; path = Command.h; sourceTree = "<group>"; };
		9876356322A6235A00CF45BD /* Command.m */ = {isa = PBXFileReference; lastKnownFileType = sourcecode.c.objc; path = Command.m; sourceTree = "<group>"; };
		9876356822A623B900CF45BD /* CommandLightOn.h */ = {isa = PBXFileReference; fileEncoding = 4; lastKnownFileType = sourcecode.c.h; path = CommandLightOn.h; sourceTree = "<group>"; };
		9876356922A623B900CF45BD /* CommandLightOn.m */ = {isa = PBXFileReference; fileEncoding = 4; lastKnownFileType = sourcecode.c.objc; path = CommandLightOn.m; sourceTree = "<group>"; };
		9876356B22A624B500CF45BD /* CommandLightOff.h */ = {isa = PBXFileReference; lastKnownFileType = sourcecode.c.h; path = CommandLightOff.h; sourceTree = "<group>"; };
		9876356C22A624B500CF45BD /* CommandLightOff.m */ = {isa = PBXFileReference; lastKnownFileType = sourcecode.c.objc; path = CommandLightOff.m; sourceTree = "<group>"; };
		9876357122A6255000CF45BD /* RemoteControl.h */ = {isa = PBXFileReference; lastKnownFileType = sourcecode.c.h; path = RemoteControl.h; sourceTree = "<group>"; };
		9876357222A6255000CF45BD /* RemoteControl.m */ = {isa = PBXFileReference; lastKnownFileType = sourcecode.c.objc; path = RemoteControl.m; sourceTree = "<group>"; };
/* End PBXFileReference section */

/* Begin PBXFrameworksBuildPhase section */
		9876355222A6232300CF45BD /* Frameworks */ = {
			isa = PBXFrameworksBuildPhase;
			buildActionMask = 2147483647;
			files = (
			);
			runOnlyForDeploymentPostprocessing = 0;
		};
/* End PBXFrameworksBuildPhase section */

/* Begin PBXGroup section */
		9876354C22A6232300CF45BD = {
			isa = PBXGroup;
			children = (
				9876355722A6232300CF45BD /* 命令模式 */,
				9876355622A6232300CF45BD /* Products */,
			);
			sourceTree = "<group>";
		};
		9876355622A6232300CF45BD /* Products */ = {
			isa = PBXGroup;
			children = (
				9876355522A6232300CF45BD /* 命令模式 */,
			);
			name = Products;
			sourceTree = "<group>";
		};
		9876355722A6232300CF45BD /* 命令模式 */ = {
			isa = PBXGroup;
			children = (
				9876355822A6232300CF45BD /* main.m */,
				9876355F22A6232900CF45BD /* Light.h */,
				9876356022A6232900CF45BD /* Light.m */,
				9876356222A6235A00CF45BD /* Command.h */,
				9876356322A6235A00CF45BD /* Command.m */,
				9876356822A623B900CF45BD /* CommandLightOn.h */,
				9876356922A623B900CF45BD /* CommandLightOn.m */,
				9876356B22A624B500CF45BD /* CommandLightOff.h */,
				9876356C22A624B500CF45BD /* CommandLightOff.m */,
				9876357122A6255000CF45BD /* RemoteControl.h */,
				9876357222A6255000CF45BD /* RemoteControl.m */,
			);
			path = "命令模式";
			sourceTree = "<group>";
		};
/* End PBXGroup section */

/* Begin PBXNativeTarget section */
		9876355422A6232300CF45BD /* 命令模式 */ = {
			isa = PBXNativeTarget;
			buildConfigurationList = 9876355C22A6232300CF45BD /* Build configuration list for PBXNativeTarget "命令模式" */;
			buildPhases = (
				9876355122A6232300CF45BD /* Sources */,
				9876355222A6232300CF45BD /* Frameworks */,
				9876355322A6232300CF45BD /* CopyFiles */,
			);
			buildRules = (
			);
			dependencies = (
			);
			name = "命令模式";
			productName = "命令模式";
			productReference = 9876355522A6232300CF45BD /* 命令模式 */;
			productType = "com.apple.product-type.tool";
		};
/* End PBXNativeTarget section */

/* Begin PBXProject section */
		9876354D22A6232300CF45BD /* Project object */ = {
			isa = PBXProject;
			attributes = {
				LastUpgradeCheck = 1010;
				ORGANIZATIONNAME = Brooks;
				TargetAttributes = {
					9876355422A6232300CF45BD = {
						CreatedOnToolsVersion = 10.1;
					};
				};
			};
			buildConfigurationList = 9876355022A6232300CF45BD /* Build configuration list for PBXProject "命令模式" */;
			compatibilityVersion = "Xcode 9.3";
			developmentRegion = en;
			hasScannedForEncodings = 0;
			knownRegions = (
				en,
			);
			mainGroup = 9876354C22A6232300CF45BD;
			productRefGroup = 9876355622A6232300CF45BD /* Products */;
			projectDirPath = "";
			projectRoot = "";
			targets = (
				9876355422A6232300CF45BD /* 命令模式 */,
			);
		};
/* End PBXProject section */

/* Begin PBXSourcesBuildPhase section */
		9876355122A6232300CF45BD /* Sources */ = {
			isa = PBXSourcesBuildPhase;
			buildActionMask = 2147483647;
			files = (
				9876356122A6232A00CF45BD /* Light.m in Sources */,
				9876356422A6235A00CF45BD /* Command.m in Sources */,
				9876355922A6232300CF45BD /* main.m in Sources */,
				9876357322A6255000CF45BD /* RemoteControl.m in Sources */,
				9876356D22A624B500CF45BD /* CommandLightOff.m in Sources */,
				9876356A22A623B900CF45BD /* CommandLightOn.m in Sources */,
			);
			runOnlyForDeploymentPostprocessing = 0;
		};
/* End PBXSourcesBuildPhase section */

/* Begin XCBuildConfiguration section */
		9876355A22A6232300CF45BD /* Debug */ = {
			isa = XCBuildConfiguration;
			buildSettings = {
				ALWAYS_SEARCH_USER_PATHS = NO;
				CLANG_ANALYZER_NONNULL = YES;
				CLANG_ANALYZER_NUMBER_OBJECT_CONVERSION = YES_AGGRESSIVE;
				CLANG_CXX_LANGUAGE_STANDARD = "gnu++14";
				CLANG_CXX_LIBRARY = "libc++";
				CLANG_ENABLE_MODULES = YES;
				CLANG_ENABLE_OBJC_ARC = YES;
				CLANG_ENABLE_OBJC_WEAK = YES;
				CLANG_WARN_BLOCK_CAPTURE_AUTORELEASING = YES;
				CLANG_WARN_BOOL_CONVERSION = YES;
				CLANG_WARN_COMMA = YES;
				CLANG_WARN_CONSTANT_CONVERSION = YES;
				CLANG_WARN_DEPRECATED_OBJC_IMPLEMENTATIONS = YES;
				CLANG_WARN_DIRECT_OBJC_ISA_USAGE = YES_ERROR;
				CLANG_WARN_DOCUMENTATION_COMMENTS = YES;
				CLANG_WARN_EMPTY_BODY = YES;
				CLANG_WARN_ENUM_CONVERSION = YES;
				CLANG_WARN_INFINITE_RECURSION = YES;
				CLANG_WARN_INT_CONVERSION = YES;
				CLANG_WARN_NON_LITERAL_NULL_CONVERSION = YES;
				CLANG_WARN_OBJC_IMPLICIT_RETAIN_SELF = YES;
				CLANG_WARN_OBJC_LITERAL_CONVERSION = YES;
				CLANG_WARN_OBJC_ROOT_CLASS = YES_ERROR;
				CLANG_WARN_RANGE_LOOP_ANALYSIS = YES;
				CLANG_WARN_STRICT_PROTOTYPES = YES;
				CLANG_WARN_SUSPICIOUS_MOVE = YES;
				CLANG_WARN_UNGUARDED_AVAILABILITY = YES_AGGRESSIVE;
				CLANG_WARN_UNREACHABLE_CODE = YES;
				CLANG_WARN__DUPLICATE_METHOD_MATCH = YES;
				CODE_SIGN_IDENTITY = "-";
				COPY_PHASE_STRIP = NO;
				DEBUG_INFORMATION_FORMAT = dwarf;
				ENABLE_STRICT_OBJC_MSGSEND = YES;
				ENABLE_TESTABILITY = YES;
				GCC_C_LANGUAGE_STANDARD = gnu11;
				GCC_DYNAMIC_NO_PIC = NO;
				GCC_NO_COMMON_BLOCKS = YES;
				GCC_OPTIMIZATION_LEVEL = 0;
				GCC_PREPROCESSOR_DEFINITIONS = (
					"DEBUG=1",
					"$(inherited)",
				);
				GCC_WARN_64_TO_32_BIT_CONVERSION = YES;
				GCC_WARN_ABOUT_RETURN_TYPE = YES_ERROR;
				GCC_WARN_UNDECLARED_SELECTOR = YES;
				GCC_WARN_UNINITIALIZED_AUTOS = YES_AGGRESSIVE;
				GCC_WARN_UNUSED_FUNCTION = YES;
				GCC_WARN_UNUSED_VARIABLE = YES;
				MACOSX_DEPLOYMENT_TARGET = 10.14;
				MTL_ENABLE_DEBUG_INFO = INCLUDE_SOURCE;
				MTL_FAST_MATH = YES;
				ONLY_ACTIVE_ARCH = YES;
				SDKROOT = macosx;
			};
			name = Debug;
		};
		9876355B22A6232300CF45BD /* Release */ = {
			isa = XCBuildConfiguration;
			buildSettings = {
				ALWAYS_SEARCH_USER_PATHS = NO;
				CLANG_ANALYZER_NONNULL = YES;
				CLANG_ANALYZER_NUMBER_OBJECT_CONVERSION = YES_AGGRESSIVE;
				CLANG_CXX_LANGUAGE_STANDARD = "gnu++14";
				CLANG_CXX_LIBRARY = "libc++";
				CLANG_ENABLE_MODULES = YES;
				CLANG_ENABLE_OBJC_ARC = YES;
				CLANG_ENABLE_OBJC_WEAK = YES;
				CLANG_WARN_BLOCK_CAPTURE_AUTORELEASING = YES;
				CLANG_WARN_BOOL_CONVERSION = YES;
				CLANG_WARN_COMMA = YES;
				CLANG_WARN_CONSTANT_CONVERSION = YES;
				CLANG_WARN_DEPRECATED_OBJC_IMPLEMENTATIONS = YES;
				CLANG_WARN_DIRECT_OBJC_ISA_USAGE = YES_ERROR;
				CLANG_WARN_DOCUMENTATION_COMMENTS = YES;
				CLANG_WARN_EMPTY_BODY = YES;
				CLANG_WARN_ENUM_CONVERSION = YES;
				CLANG_WARN_INFINITE_RECURSION = YES;
				CLANG_WARN_INT_CONVERSION = YES;
				CLANG_WARN_NON_LITERAL_NULL_CONVERSION = YES;
				CLANG_WARN_OBJC_IMPLICIT_RETAIN_SELF = YES;
				CLANG_WARN_OBJC_LITERAL_CONVERSION = YES;
				CLANG_WARN_OBJC_ROOT_CLASS = YES_ERROR;
				CLANG_WARN_RANGE_LOOP_ANALYSIS = YES;
				CLANG_WARN_STRICT_PROTOTYPES = YES;
				CLANG_WARN_SUSPICIOUS_MOVE = YES;
				CLANG_WARN_UNGUARDED_AVAILABILITY = YES_AGGRESSIVE;
				CLANG_WARN_UNREACHABLE_CODE = YES;
				CLANG_WARN__DUPLICATE_METHOD_MATCH = YES;
				CODE_SIGN_IDENTITY = "-";
				COPY_PHASE_STRIP = NO;
				DEBUG_INFORMATION_FORMAT = "dwarf-with-dsym";
				ENABLE_NS_ASSERTIONS = NO;
				ENABLE_STRICT_OBJC_MSGSEND = YES;
				GCC_C_LANGUAGE_STANDARD = gnu11;
				GCC_NO_COMMON_BLOCKS = YES;
				GCC_WARN_64_TO_32_BIT_CONVERSION = YES;
				GCC_WARN_ABOUT_RETURN_TYPE = YES_ERROR;
				GCC_WARN_UNDECLARED_SELECTOR = YES;
				GCC_WARN_UNINITIALIZED_AUTOS = YES_AGGRESSIVE;
				GCC_WARN_UNUSED_FUNCTION = YES;
				GCC_WARN_UNUSED_VARIABLE = YES;
				MACOSX_DEPLOYMENT_TARGET = 10.14;
				MTL_ENABLE_DEBUG_INFO = NO;
				MTL_FAST_MATH = YES;
				SDKROOT = macosx;
			};
			name = Release;
		};
		9876355D22A6232300CF45BD /* Debug */ = {
			isa = XCBuildConfiguration;
			buildSettings = {
				CODE_SIGN_STYLE = Automatic;
				PRODUCT_NAME = "$(TARGET_NAME)";
			};
			name = Debug;
		};
		9876355E22A6232300CF45BD /* Release */ = {
			isa = XCBuildConfiguration;
			buildSettings = {
				CODE_SIGN_STYLE = Automatic;
				PRODUCT_NAME = "$(TARGET_NAME)";
			};
			name = Release;
		};
/* End XCBuildConfiguration section */

/* Begin XCConfigurationList section */
		9876355022A6232300CF45BD /* Build configuration list for PBXProject "命令模式" */ = {
			isa = XCConfigurationList;
			buildConfigurations = (
				9876355A22A6232300CF45BD /* Debug */,
				9876355B22A6232300CF45BD /* Release */,
			);
			defaultConfigurationIsVisible = 0;
			defaultConfigurationName = Release;
		};
		9876355C22A6232300CF45BD /* Build configuration list for PBXNativeTarget "命令模式" */ = {
			isa = XCConfigurationList;
			buildConfigurations = (
				9876355D22A6232300CF45BD /* Debug */,
				9876355E22A6232300CF45BD /* Release */,
			);
			defaultConfigurationIsVisible = 0;
			defaultConfigurationName = Release;
		};
/* End XCConfigurationList section */
	};
	rootObject = 9876354D22A6232300CF45BD /* Project object */;
}
